<Solution>
  <Project Path="GestionITM.API/GestionITM.API.csproj" Id="50d4369f-7876-49a6-8724-6fcfc54226dd" />
  <Project Path="GestionITM.Domain/GestionITM.Domain.csproj" Id="639633d0-bff6-442f-aaa2-a335889a5cb3" />
  <Project Path="GestionITM.Infrastructure/GestionITM.Infrastructure.csproj" Id="1ea15895-b2b4-4ded-ad48-3adef92ed390" />
</Solution>
